
Microsoft Visual Studio Solution File, Format Version 12.00
Project("{FAE04EC0-301F-11D3-BF4B-00C04F79EFBC}") = "PlainClasses.Services.Identity.Domain", "src\PlainClasses.Services.Identity.Domain\PlainClasses.Services.Identity.Domain.csproj", "{6E92B779-C54E-4357-98BC-58058874F9F9}"
EndProject
Project("{FAE04EC0-301F-11D3-BF4B-00C04F79EFBC}") = "PlainClasses.Services.Identity.Application", "src\PlainClasses.Services.Identity.Application\PlainClasses.Services.Identity.Application.csproj", "{FA70AC3F-679A-4C25-80E4-B4B38E050120}"
EndProject
Project("{FAE04EC0-301F-11D3-BF4B-00C04F79EFBC}") = "PlainClasses.Services.Identity.Infrastructure", "src\PlainClasses.Services.Identity.Infrastructure\PlainClasses.Services.Identity.Infrastructure.csproj", "{91E2E704-A4A7-4A35-9D65-FAE3864BADEA}"
EndProject
Project("{FAE04EC0-301F-11D3-BF4B-00C04F79EFBC}") = "PlainClasses.Services.Identity.Api", "src\PlainClasses.Services.Identity.Api\PlainClasses.Services.Identity.Api.csproj", "{D77EF892-6B51-4430-8D2D-0D5129EB7044}"
EndProject
Global
	GlobalSection(SolutionConfigurationPlatforms) = preSolution
		Debug|Any CPU = Debug|Any CPU
		Release|Any CPU = Release|Any CPU
	EndGlobalSection
	GlobalSection(ProjectConfigurationPlatforms) = postSolution
		{6E92B779-C54E-4357-98BC-58058874F9F9}.Debug|Any CPU.ActiveCfg = Debug|Any CPU
		{6E92B779-C54E-4357-98BC-58058874F9F9}.Debug|Any CPU.Build.0 = Debug|Any CPU
		{6E92B779-C54E-4357-98BC-58058874F9F9}.Release|Any CPU.ActiveCfg = Release|Any CPU
		{6E92B779-C54E-4357-98BC-58058874F9F9}.Release|Any CPU.Build.0 = Release|Any CPU
		{FA70AC3F-679A-4C25-80E4-B4B38E050120}.Debug|Any CPU.ActiveCfg = Debug|Any CPU
		{FA70AC3F-679A-4C25-80E4-B4B38E050120}.Debug|Any CPU.Build.0 = Debug|Any CPU
		{FA70AC3F-679A-4C25-80E4-B4B38E050120}.Release|Any CPU.ActiveCfg = Release|Any CPU
		{FA70AC3F-679A-4C25-80E4-B4B38E050120}.Release|Any CPU.Build.0 = Release|Any CPU
		{91E2E704-A4A7-4A35-9D65-FAE3864BADEA}.Debug|Any CPU.ActiveCfg = Debug|Any CPU
		{91E2E704-A4A7-4A35-9D65-FAE3864BADEA}.Debug|Any CPU.Build.0 = Debug|Any CPU
		{91E2E704-A4A7-4A35-9D65-FAE3864BADEA}.Release|Any CPU.ActiveCfg = Release|Any CPU
		{91E2E704-A4A7-4A35-9D65-FAE3864BADEA}.Release|Any CPU.Build.0 = Release|Any CPU
		{D77EF892-6B51-4430-8D2D-0D5129EB7044}.Debug|Any CPU.ActiveCfg = Debug|Any CPU
		{D77EF892-6B51-4430-8D2D-0D5129EB7044}.Debug|Any CPU.Build.0 = Debug|Any CPU
		{D77EF892-6B51-4430-8D2D-0D5129EB7044}.Release|Any CPU.ActiveCfg = Release|Any CPU
		{D77EF892-6B51-4430-8D2D-0D5129EB7044}.Release|Any CPU.Build.0 = Release|Any CPU
	EndGlobalSection
EndGlobal
